
Microsoft Visual Studio Solution File, Format Version 12.00
# Visual Studio Version 17
VisualStudioVersion = 17.4.33103.184
MinimumVisualStudioVersion = 10.0.40219.1
Project("{2150E333-8FDC-42A3-9474-1A3956D46DE8}") = "AuthenticationService", "AuthenticationService", "{93EE7248-E6B4-4111-9266-BAECE541DD87}"
EndProject
Project("{2150E333-8FDC-42A3-9474-1A3956D46DE8}") = "OrderService", "OrderService", "{6759D274-808D-4C78-AB59-94B23A4D4CDC}"
EndProject
Project("{2150E333-8FDC-42A3-9474-1A3956D46DE8}") = "UserService", "UserService", "{FAA8E0DA-49CD-4E36-BF47-9B7D1656CD87}"
EndProject
Project("{2150E333-8FDC-42A3-9474-1A3956D46DE8}") = "PaymentLoggingService", "PaymentLoggingService", "{ED2A7C3C-1392-4EE8-B63C-3664D19C90D6}"
EndProject
Project("{2150E333-8FDC-42A3-9474-1A3956D46DE8}") = "RestaurantService", "RestaurantService", "{228C484A-FA07-457D-B6FB-FA740DDC3AA6}"
EndProject
Project("{2150E333-8FDC-42A3-9474-1A3956D46DE8}") = "Address Service", "Address Service", "{C5C8A067-D350-47F2-AC26-DA51964C56BF}"
EndProject
Project("{2150E333-8FDC-42A3-9474-1A3956D46DE8}") = "EmailService", "EmailService", "{2A67897C-190C-4F38-BE03-D76E63F439D0}"
EndProject
Project("{2150E333-8FDC-42A3-9474-1A3956D46DE8}") = "PaymentService", "PaymentService", "{FD728E52-3EDF-41B7-95B7-C2F09C01BE9F}"
EndProject
Project("{2150E333-8FDC-42A3-9474-1A3956D46DE8}") = "SignalR", "SignalR", "{4DDA9358-4140-4C0B-9010-DDFB4BCE89A0}"
EndProject
Project("{2150E333-8FDC-42A3-9474-1A3956D46DE8}") = "TestZone", "TestZone", "{0EA4D420-F25B-4FFF-966F-E4934FF89271}"
EndProject
Project("{9A19103F-16F7-4668-BE54-9A1E7A4F7556}") = "APIGateway", "API Gateway\APIGateway.csproj", "{D1789BB4-972D-4BB2-8D2B-62DEE4E3003B}"
EndProject
Project("{FAE04EC0-301F-11D3-BF4B-00C04F79EFBC}") = "Core", "Core\Core.csproj", "{9AFDF732-8D35-43CB-959C-E9EE31A51808}"
EndProject
Project("{FAE04EC0-301F-11D3-BF4B-00C04F79EFBC}") = "AuthenticationServiceTests", "TestZone\AuthenticationServiceTests\AuthenticationServiceTests.csproj", "{FACFC0D8-5B3F-48AF-9B1B-BEF2F82F0869}"
EndProject
Project("{FAE04EC0-301F-11D3-BF4B-00C04F79EFBC}") = "OrderServiceTests", "TestZone\OrderServiceTests\OrderServiceTests.csproj", "{0DD6EC24-3F59-4EE0-B4F1-ADBB992D0DF3}"
EndProject
Project("{FAE04EC0-301F-11D3-BF4B-00C04F79EFBC}") = "OrderService", "OrderService\OrderService.csproj", "{A16CF948-A91D-4F61-B52A-8700BDA2DD7E}"
EndProject
Project("{FAE04EC0-301F-11D3-BF4B-00C04F79EFBC}") = "AuthenticationService", "AuthenticationService\AuthenticationService.csproj", "{5DF34DA6-C417-4981-B5B5-405749AF048F}"
EndProject
Project("{FAE04EC0-301F-11D3-BF4B-00C04F79EFBC}") = "PaymentLoggingService", "PaymentLoggingService\PaymentLoggingService.csproj", "{4A317E28-A493-4408-BB7C-E2FB93859F8B}"
EndProject
Project("{FAE04EC0-301F-11D3-BF4B-00C04F79EFBC}") = "PaymentLoggingServiceTests", "TestZone\PaymentLoggingServiceTests\PaymentLoggingServiceTests.csproj", "{84F0D2EB-457D-41A1-BCA9-8178D5323847}"
EndProject
Project("{FAE04EC0-301F-11D3-BF4B-00C04F79EFBC}") = "PaymentService", "PaymentService\PaymentService.csproj", "{6852D988-72D8-46B4-B655-30D431537F26}"
EndProject
Global
	GlobalSection(SolutionConfigurationPlatforms) = preSolution
		Debug|Any CPU = Debug|Any CPU
		Release|Any CPU = Release|Any CPU
	EndGlobalSection
	GlobalSection(ProjectConfigurationPlatforms) = postSolution
		{D1789BB4-972D-4BB2-8D2B-62DEE4E3003B}.Debug|Any CPU.ActiveCfg = Release|Any CPU
		{D1789BB4-972D-4BB2-8D2B-62DEE4E3003B}.Debug|Any CPU.Build.0 = Release|Any CPU
		{D1789BB4-972D-4BB2-8D2B-62DEE4E3003B}.Release|Any CPU.ActiveCfg = Release|Any CPU
		{D1789BB4-972D-4BB2-8D2B-62DEE4E3003B}.Release|Any CPU.Build.0 = Release|Any CPU
		{9AFDF732-8D35-43CB-959C-E9EE31A51808}.Debug|Any CPU.ActiveCfg = Debug|Any CPU
		{9AFDF732-8D35-43CB-959C-E9EE31A51808}.Debug|Any CPU.Build.0 = Debug|Any CPU
		{9AFDF732-8D35-43CB-959C-E9EE31A51808}.Release|Any CPU.ActiveCfg = Release|Any CPU
		{9AFDF732-8D35-43CB-959C-E9EE31A51808}.Release|Any CPU.Build.0 = Release|Any CPU
		{FACFC0D8-5B3F-48AF-9B1B-BEF2F82F0869}.Debug|Any CPU.ActiveCfg = Debug|Any CPU
		{FACFC0D8-5B3F-48AF-9B1B-BEF2F82F0869}.Debug|Any CPU.Build.0 = Debug|Any CPU
		{FACFC0D8-5B3F-48AF-9B1B-BEF2F82F0869}.Release|Any CPU.ActiveCfg = Release|Any CPU
		{FACFC0D8-5B3F-48AF-9B1B-BEF2F82F0869}.Release|Any CPU.Build.0 = Release|Any CPU
		{0DD6EC24-3F59-4EE0-B4F1-ADBB992D0DF3}.Debug|Any CPU.ActiveCfg = Debug|Any CPU
		{0DD6EC24-3F59-4EE0-B4F1-ADBB992D0DF3}.Debug|Any CPU.Build.0 = Debug|Any CPU
		{0DD6EC24-3F59-4EE0-B4F1-ADBB992D0DF3}.Release|Any CPU.ActiveCfg = Release|Any CPU
		{0DD6EC24-3F59-4EE0-B4F1-ADBB992D0DF3}.Release|Any CPU.Build.0 = Release|Any CPU
		{A16CF948-A91D-4F61-B52A-8700BDA2DD7E}.Debug|Any CPU.ActiveCfg = Debug|Any CPU
		{A16CF948-A91D-4F61-B52A-8700BDA2DD7E}.Debug|Any CPU.Build.0 = Debug|Any CPU
		{A16CF948-A91D-4F61-B52A-8700BDA2DD7E}.Release|Any CPU.ActiveCfg = Release|Any CPU
		{A16CF948-A91D-4F61-B52A-8700BDA2DD7E}.Release|Any CPU.Build.0 = Release|Any CPU
		{5DF34DA6-C417-4981-B5B5-405749AF048F}.Debug|Any CPU.ActiveCfg = Debug|Any CPU
		{5DF34DA6-C417-4981-B5B5-405749AF048F}.Debug|Any CPU.Build.0 = Debug|Any CPU
		{5DF34DA6-C417-4981-B5B5-405749AF048F}.Release|Any CPU.ActiveCfg = Release|Any CPU
		{5DF34DA6-C417-4981-B5B5-405749AF048F}.Release|Any CPU.Build.0 = Release|Any CPU
		{4A317E28-A493-4408-BB7C-E2FB93859F8B}.Debug|Any CPU.ActiveCfg = Debug|Any CPU
		{4A317E28-A493-4408-BB7C-E2FB93859F8B}.Debug|Any CPU.Build.0 = Debug|Any CPU
		{4A317E28-A493-4408-BB7C-E2FB93859F8B}.Release|Any CPU.ActiveCfg = Release|Any CPU
		{4A317E28-A493-4408-BB7C-E2FB93859F8B}.Release|Any CPU.Build.0 = Release|Any CPU
		{84F0D2EB-457D-41A1-BCA9-8178D5323847}.Debug|Any CPU.ActiveCfg = Debug|Any CPU
		{84F0D2EB-457D-41A1-BCA9-8178D5323847}.Debug|Any CPU.Build.0 = Debug|Any CPU
		{84F0D2EB-457D-41A1-BCA9-8178D5323847}.Release|Any CPU.ActiveCfg = Release|Any CPU
		{84F0D2EB-457D-41A1-BCA9-8178D5323847}.Release|Any CPU.Build.0 = Release|Any CPU
		{6852D988-72D8-46B4-B655-30D431537F26}.Debug|Any CPU.ActiveCfg = Debug|Any CPU
		{6852D988-72D8-46B4-B655-30D431537F26}.Debug|Any CPU.Build.0 = Debug|Any CPU
		{6852D988-72D8-46B4-B655-30D431537F26}.Release|Any CPU.ActiveCfg = Release|Any CPU
		{6852D988-72D8-46B4-B655-30D431537F26}.Release|Any CPU.Build.0 = Release|Any CPU
	EndGlobalSection
	GlobalSection(SolutionProperties) = preSolution
		HideSolutionNode = FALSE
	EndGlobalSection
	GlobalSection(NestedProjects) = preSolution
		{FACFC0D8-5B3F-48AF-9B1B-BEF2F82F0869} = {0EA4D420-F25B-4FFF-966F-E4934FF89271}
		{0DD6EC24-3F59-4EE0-B4F1-ADBB992D0DF3} = {0EA4D420-F25B-4FFF-966F-E4934FF89271}
		{A16CF948-A91D-4F61-B52A-8700BDA2DD7E} = {6759D274-808D-4C78-AB59-94B23A4D4CDC}
		{5DF34DA6-C417-4981-B5B5-405749AF048F} = {93EE7248-E6B4-4111-9266-BAECE541DD87}
		{4A317E28-A493-4408-BB7C-E2FB93859F8B} = {ED2A7C3C-1392-4EE8-B63C-3664D19C90D6}
		{84F0D2EB-457D-41A1-BCA9-8178D5323847} = {0EA4D420-F25B-4FFF-966F-E4934FF89271}
		{6852D988-72D8-46B4-B655-30D431537F26} = {FD728E52-3EDF-41B7-95B7-C2F09C01BE9F}
	EndGlobalSection
	GlobalSection(ExtensibilityGlobals) = postSolution
		SolutionGuid = {B6BC9169-44F9-4FEC-B050-16763FD8D3A5}
	EndGlobalSection
EndGlobal
