
Microsoft Visual Studio Solution File, Format Version 12.00
# Visual Studio Version 17
VisualStudioVersion = 17.4.33103.184
MinimumVisualStudioVersion = 10.0.40219.1
Project("{2150E333-8FDC-42A3-9474-1A3956D46DE8}") = "Authentication Service", "Authentication Service", "{93EE7248-E6B4-4111-9266-BAECE541DD87}"
EndProject
Project("{2150E333-8FDC-42A3-9474-1A3956D46DE8}") = "Order Service", "Order Service", "{6759D274-808D-4C78-AB59-94B23A4D4CDC}"
EndProject
Project("{2150E333-8FDC-42A3-9474-1A3956D46DE8}") = "User Service", "User Service", "{FAA8E0DA-49CD-4E36-BF47-9B7D1656CD87}"
EndProject
Project("{2150E333-8FDC-42A3-9474-1A3956D46DE8}") = "Payment Logging Service", "Payment Logging Service", "{ED2A7C3C-1392-4EE8-B63C-3664D19C90D6}"
EndProject
Project("{2150E333-8FDC-42A3-9474-1A3956D46DE8}") = "Restaurant Service", "Restaurant Service", "{228C484A-FA07-457D-B6FB-FA740DDC3AA6}"
EndProject
Project("{2150E333-8FDC-42A3-9474-1A3956D46DE8}") = "Address Service", "Address Service", "{C5C8A067-D350-47F2-AC26-DA51964C56BF}"
EndProject
Project("{2150E333-8FDC-42A3-9474-1A3956D46DE8}") = "Email Service", "Email Service", "{2A67897C-190C-4F38-BE03-D76E63F439D0}"
EndProject
Project("{2150E333-8FDC-42A3-9474-1A3956D46DE8}") = "Payment Service", "Payment Service", "{FD728E52-3EDF-41B7-95B7-C2F09C01BE9F}"
EndProject
Project("{2150E333-8FDC-42A3-9474-1A3956D46DE8}") = "SignalR", "SignalR", "{4DDA9358-4140-4C0B-9010-DDFB4BCE89A0}"
EndProject
Project("{2150E333-8FDC-42A3-9474-1A3956D46DE8}") = "TestZone", "TestZone", "{0EA4D420-F25B-4FFF-966F-E4934FF89271}"
EndProject
Project("{9A19103F-16F7-4668-BE54-9A1E7A4F7556}") = "APIGateway", "API Gateway\APIGateway.csproj", "{D1789BB4-972D-4BB2-8D2B-62DEE4E3003B}"
EndProject
Project("{9A19103F-16F7-4668-BE54-9A1E7A4F7556}") = "Core", "Core\Core.csproj", "{9AFDF732-8D35-43CB-959C-E9EE31A51808}"
EndProject
Project("{9A19103F-16F7-4668-BE54-9A1E7A4F7556}") = "AuthenticationServiceTests", "TestZone\AuthenticationServiceTests\AuthenticationServiceTests.csproj", "{FACFC0D8-5B3F-48AF-9B1B-BEF2F82F0869}"
EndProject
Project("{9A19103F-16F7-4668-BE54-9A1E7A4F7556}") = "OrderServiceTests", "TestZone\OrderServiceTests\OrderServiceTests.csproj", "{0DD6EC24-3F59-4EE0-B4F1-ADBB992D0DF3}"
EndProject
Project("{9A19103F-16F7-4668-BE54-9A1E7A4F7556}") = "OrderService", "OrderService\OrderService.csproj", "{67BFDD7D-CB70-4E28-BF27-838D536A9C0F}"
EndProject
Project("{2150E333-8FDC-42A3-9474-1A3956D46DE8}") = "Controllers", "Controllers", "{DB4414E8-46AC-4D67-8E74-1ED85DAB1F0F}"
	ProjectSection(SolutionItems) = preProject
		AddressController.cs = AddressController.cs
	EndProjectSection
EndProject
Project("{2150E333-8FDC-42A3-9474-1A3956D46DE8}") = "Infrastructure", "Infrastructure", "{5FD953D1-E164-48C7-B770-73BB770835D1}"
	ProjectSection(SolutionItems) = preProject
		AddressContext.cs = AddressContext.cs
	EndProjectSection
EndProject
Project("{2150E333-8FDC-42A3-9474-1A3956D46DE8}") = "Services", "Services", "{00A6A996-F1C2-4C4F-B516-9D7B5C490A56}"
	ProjectSection(SolutionItems) = preProject
		AddressService.cs = AddressService.cs
	EndProjectSection
EndProject
Project("{2150E333-8FDC-42A3-9474-1A3956D46DE8}") = "Repositories", "Repositories", "{0BF0B3BF-369A-42CC-8E22-1CD303F6C099}"
	ProjectSection(SolutionItems) = preProject
		AddressRepository.cs = AddressRepository.cs
		IAddressRepository.cs = IAddressRepository.cs
	EndProjectSection
EndProject
Project("{2150E333-8FDC-42A3-9474-1A3956D46DE8}") = "Interface", "Interface", "{427AE8F3-D9BD-4B4E-B6B1-F702A92871F4}"
	ProjectSection(SolutionItems) = preProject
		IAddressService.cs = IAddressService.cs
	EndProjectSection
EndProject
Project("{2150E333-8FDC-42A3-9474-1A3956D46DE8}") = "Domain", "Domain", "{7E960596-A4AA-4948-8987-A6B17A3DFAD3}"
	ProjectSection(SolutionItems) = preProject
		Address.cs = Address.cs
	EndProjectSection
EndProject
Project("{2150E333-8FDC-42A3-9474-1A3956D46DE8}") = "Dto", "Dto", "{FB169FD5-DEEE-41D8-AF1F-E94CC274DD7A}"
	ProjectSection(SolutionItems) = preProject
		AddressDto.cs = AddressDto.cs
	EndProjectSection
EndProject
Project("{9A19103F-16F7-4668-BE54-9A1E7A4F7556}") = "AuthenticationService", "AuthenticationService\AuthenticationService.csproj", "{027E0CAF-F1B8-4D55-B660-14911D7A959A}"
EndProject
Global
	GlobalSection(SolutionConfigurationPlatforms) = preSolution
		Debug|Any CPU = Debug|Any CPU
		Release|Any CPU = Release|Any CPU
	EndGlobalSection
	GlobalSection(ProjectConfigurationPlatforms) = postSolution
		{D1789BB4-972D-4BB2-8D2B-62DEE4E3003B}.Debug|Any CPU.ActiveCfg = Release|Any CPU
		{D1789BB4-972D-4BB2-8D2B-62DEE4E3003B}.Debug|Any CPU.Build.0 = Release|Any CPU
		{D1789BB4-972D-4BB2-8D2B-62DEE4E3003B}.Release|Any CPU.ActiveCfg = Release|Any CPU
		{D1789BB4-972D-4BB2-8D2B-62DEE4E3003B}.Release|Any CPU.Build.0 = Release|Any CPU
		{9AFDF732-8D35-43CB-959C-E9EE31A51808}.Debug|Any CPU.ActiveCfg = Debug|Any CPU
		{9AFDF732-8D35-43CB-959C-E9EE31A51808}.Debug|Any CPU.Build.0 = Debug|Any CPU
		{9AFDF732-8D35-43CB-959C-E9EE31A51808}.Release|Any CPU.ActiveCfg = Release|Any CPU
		{9AFDF732-8D35-43CB-959C-E9EE31A51808}.Release|Any CPU.Build.0 = Release|Any CPU
		{FACFC0D8-5B3F-48AF-9B1B-BEF2F82F0869}.Debug|Any CPU.ActiveCfg = Debug|Any CPU
		{FACFC0D8-5B3F-48AF-9B1B-BEF2F82F0869}.Debug|Any CPU.Build.0 = Debug|Any CPU
		{FACFC0D8-5B3F-48AF-9B1B-BEF2F82F0869}.Release|Any CPU.ActiveCfg = Release|Any CPU
		{FACFC0D8-5B3F-48AF-9B1B-BEF2F82F0869}.Release|Any CPU.Build.0 = Release|Any CPU
		{0DD6EC24-3F59-4EE0-B4F1-ADBB992D0DF3}.Debug|Any CPU.ActiveCfg = Debug|Any CPU
		{0DD6EC24-3F59-4EE0-B4F1-ADBB992D0DF3}.Debug|Any CPU.Build.0 = Debug|Any CPU
		{0DD6EC24-3F59-4EE0-B4F1-ADBB992D0DF3}.Release|Any CPU.ActiveCfg = Release|Any CPU
		{0DD6EC24-3F59-4EE0-B4F1-ADBB992D0DF3}.Release|Any CPU.Build.0 = Release|Any CPU
		{67BFDD7D-CB70-4E28-BF27-838D536A9C0F}.Debug|Any CPU.ActiveCfg = Debug|Any CPU
		{67BFDD7D-CB70-4E28-BF27-838D536A9C0F}.Debug|Any CPU.Build.0 = Debug|Any CPU
		{67BFDD7D-CB70-4E28-BF27-838D536A9C0F}.Release|Any CPU.ActiveCfg = Release|Any CPU
		{67BFDD7D-CB70-4E28-BF27-838D536A9C0F}.Release|Any CPU.Build.0 = Release|Any CPU
		{027E0CAF-F1B8-4D55-B660-14911D7A959A}.Debug|Any CPU.ActiveCfg = Debug|Any CPU
		{027E0CAF-F1B8-4D55-B660-14911D7A959A}.Debug|Any CPU.Build.0 = Debug|Any CPU
		{027E0CAF-F1B8-4D55-B660-14911D7A959A}.Release|Any CPU.ActiveCfg = Release|Any CPU
		{027E0CAF-F1B8-4D55-B660-14911D7A959A}.Release|Any CPU.Build.0 = Release|Any CPU
	EndGlobalSection
	GlobalSection(SolutionProperties) = preSolution
		HideSolutionNode = FALSE
	EndGlobalSection
	GlobalSection(NestedProjects) = preSolution
		{FACFC0D8-5B3F-48AF-9B1B-BEF2F82F0869} = {0EA4D420-F25B-4FFF-966F-E4934FF89271}
		{0DD6EC24-3F59-4EE0-B4F1-ADBB992D0DF3} = {0EA4D420-F25B-4FFF-966F-E4934FF89271}
		{67BFDD7D-CB70-4E28-BF27-838D536A9C0F} = {6759D274-808D-4C78-AB59-94B23A4D4CDC}
		{DB4414E8-46AC-4D67-8E74-1ED85DAB1F0F} = {C5C8A067-D350-47F2-AC26-DA51964C56BF}
		{5FD953D1-E164-48C7-B770-73BB770835D1} = {C5C8A067-D350-47F2-AC26-DA51964C56BF}
		{00A6A996-F1C2-4C4F-B516-9D7B5C490A56} = {C5C8A067-D350-47F2-AC26-DA51964C56BF}
		{0BF0B3BF-369A-42CC-8E22-1CD303F6C099} = {C5C8A067-D350-47F2-AC26-DA51964C56BF}
		{427AE8F3-D9BD-4B4E-B6B1-F702A92871F4} = {00A6A996-F1C2-4C4F-B516-9D7B5C490A56}
		{7E960596-A4AA-4948-8987-A6B17A3DFAD3} = {C5C8A067-D350-47F2-AC26-DA51964C56BF}
		{FB169FD5-DEEE-41D8-AF1F-E94CC274DD7A} = {7E960596-A4AA-4948-8987-A6B17A3DFAD3}
		{027E0CAF-F1B8-4D55-B660-14911D7A959A} = {93EE7248-E6B4-4111-9266-BAECE541DD87}
	EndGlobalSection
	GlobalSection(ExtensibilityGlobals) = postSolution
		SolutionGuid = {B6BC9169-44F9-4FEC-B050-16763FD8D3A5}
	EndGlobalSection
EndGlobal
