
Microsoft Visual Studio Solution File, Format Version 12.00
# Visual Studio Version 17
VisualStudioVersion = 17.4.33103.184
MinimumVisualStudioVersion = 10.0.40219.1
Project("{2150E333-8FDC-42A3-9474-1A3956D46DE8}") = "Authentication Service", "Authentication Service", "{93EE7248-E6B4-4111-9266-BAECE541DD87}"
EndProject
Project("{2150E333-8FDC-42A3-9474-1A3956D46DE8}") = "Order Service", "Order Service", "{6759D274-808D-4C78-AB59-94B23A4D4CDC}"
EndProject
Project("{2150E333-8FDC-42A3-9474-1A3956D46DE8}") = "User Service", "User Service", "{FAA8E0DA-49CD-4E36-BF47-9B7D1656CD87}"
EndProject
Project("{2150E333-8FDC-42A3-9474-1A3956D46DE8}") = "Payment Logging Service", "Payment Logging Service", "{ED2A7C3C-1392-4EE8-B63C-3664D19C90D6}"
EndProject
Project("{2150E333-8FDC-42A3-9474-1A3956D46DE8}") = "Restaurant Service", "Restaurant Service", "{228C484A-FA07-457D-B6FB-FA740DDC3AA6}"
EndProject
Project("{2150E333-8FDC-42A3-9474-1A3956D46DE8}") = "Address Service", "Address Service", "{C5C8A067-D350-47F2-AC26-DA51964C56BF}"
EndProject
Project("{2150E333-8FDC-42A3-9474-1A3956D46DE8}") = "Email Service", "Email Service", "{2A67897C-190C-4F38-BE03-D76E63F439D0}"
EndProject
Project("{2150E333-8FDC-42A3-9474-1A3956D46DE8}") = "Payment Service", "Payment Service", "{FD728E52-3EDF-41B7-95B7-C2F09C01BE9F}"
EndProject
Project("{2150E333-8FDC-42A3-9474-1A3956D46DE8}") = "TestZone", "TestZone", "{0EA4D420-F25B-4FFF-966F-E4934FF89271}"
EndProject
Project("{9A19103F-16F7-4668-BE54-9A1E7A4F7556}") = "APIGateway", "API Gateway\APIGateway.csproj", "{D1789BB4-972D-4BB2-8D2B-62DEE4E3003B}"
EndProject
Project("{9A19103F-16F7-4668-BE54-9A1E7A4F7556}") = "Core", "Core\Core.csproj", "{9AFDF732-8D35-43CB-959C-E9EE31A51808}"
EndProject
Project("{9A19103F-16F7-4668-BE54-9A1E7A4F7556}") = "AuthenticationServiceTests", "TestZone\AuthenticationServiceTests\AuthenticationServiceTests.csproj", "{FACFC0D8-5B3F-48AF-9B1B-BEF2F82F0869}"
EndProject
Project("{9A19103F-16F7-4668-BE54-9A1E7A4F7556}") = "OrderServiceTests", "TestZone\OrderServiceTests\OrderServiceTests.csproj", "{0DD6EC24-3F59-4EE0-B4F1-ADBB992D0DF3}"
EndProject
Project("{9A19103F-16F7-4668-BE54-9A1E7A4F7556}") = "OrderService", "OrderService\OrderService.csproj", "{67BFDD7D-CB70-4E28-BF27-838D536A9C0F}"
EndProject
Project("{FAE04EC0-301F-11D3-BF4B-00C04F79EFBC}") = "AddressService", "AddressService\AddressService.csproj", "{46A87A25-EE76-4F04-A990-CDCDD1A0E638}"
EndProject
Project("{FAE04EC0-301F-11D3-BF4B-00C04F79EFBC}") = "PaymentService", "PaymentService\PaymentService.csproj", "{6852D988-72D8-46B4-B655-30D431537F26}"
EndProject
Project("{FAE04EC0-301F-11D3-BF4B-00C04F79EFBC}") = "AuthenticationService", "AuthenticationService\AuthenticationService.csproj", "{8E5FC93D-DF79-488A-BBEC-999CE650B8E2}"
EndProject
Project("{FAE04EC0-301F-11D3-BF4B-00C04F79EFBC}") = "PaymentLoggingServiceTests", "TestZone\PaymentLoggingServiceTests\PaymentLoggingServiceTests.csproj", "{56DF0E93-98EC-4515-9C4D-7275E67F7511}"
EndProject
Project("{FAE04EC0-301F-11D3-BF4B-00C04F79EFBC}") = "PaymentServiceTests", "TestZone\PaymentServiceTests\PaymentServiceTests.csproj", "{C3F64A86-E5C9-40BE-9224-8C82AD9C665B}"
EndProject
Project("{FAE04EC0-301F-11D3-BF4B-00C04F79EFBC}") = "PaymentLoggingService", "PaymentLoggingService\PaymentLoggingService.csproj", "{EAB09F48-3ABA-4D62-940D-F2F742112D9A}"
EndProject
Project("{FAE04EC0-301F-11D3-BF4B-00C04F79EFBC}") = "AddressServiceTests", "TestZone\AddressServiceTests\AddressServiceTests.csproj", "{B4A8F47C-4524-4B48-A973-E7146E2AE04D}"
EndProject
Global
	GlobalSection(SolutionConfigurationPlatforms) = preSolution
		Debug|Any CPU = Debug|Any CPU
		Release|Any CPU = Release|Any CPU
	EndGlobalSection
	GlobalSection(ProjectConfigurationPlatforms) = postSolution
		{D1789BB4-972D-4BB2-8D2B-62DEE4E3003B}.Debug|Any CPU.ActiveCfg = Release|Any CPU
		{D1789BB4-972D-4BB2-8D2B-62DEE4E3003B}.Debug|Any CPU.Build.0 = Release|Any CPU
		{D1789BB4-972D-4BB2-8D2B-62DEE4E3003B}.Release|Any CPU.ActiveCfg = Release|Any CPU
		{D1789BB4-972D-4BB2-8D2B-62DEE4E3003B}.Release|Any CPU.Build.0 = Release|Any CPU
		{9AFDF732-8D35-43CB-959C-E9EE31A51808}.Debug|Any CPU.ActiveCfg = Debug|Any CPU
		{9AFDF732-8D35-43CB-959C-E9EE31A51808}.Debug|Any CPU.Build.0 = Debug|Any CPU
		{9AFDF732-8D35-43CB-959C-E9EE31A51808}.Release|Any CPU.ActiveCfg = Release|Any CPU
		{9AFDF732-8D35-43CB-959C-E9EE31A51808}.Release|Any CPU.Build.0 = Release|Any CPU
		{FACFC0D8-5B3F-48AF-9B1B-BEF2F82F0869}.Debug|Any CPU.ActiveCfg = Debug|Any CPU
		{FACFC0D8-5B3F-48AF-9B1B-BEF2F82F0869}.Debug|Any CPU.Build.0 = Debug|Any CPU
		{FACFC0D8-5B3F-48AF-9B1B-BEF2F82F0869}.Release|Any CPU.ActiveCfg = Release|Any CPU
		{FACFC0D8-5B3F-48AF-9B1B-BEF2F82F0869}.Release|Any CPU.Build.0 = Release|Any CPU
		{0DD6EC24-3F59-4EE0-B4F1-ADBB992D0DF3}.Debug|Any CPU.ActiveCfg = Debug|Any CPU
		{0DD6EC24-3F59-4EE0-B4F1-ADBB992D0DF3}.Debug|Any CPU.Build.0 = Debug|Any CPU
		{0DD6EC24-3F59-4EE0-B4F1-ADBB992D0DF3}.Release|Any CPU.ActiveCfg = Release|Any CPU
		{0DD6EC24-3F59-4EE0-B4F1-ADBB992D0DF3}.Release|Any CPU.Build.0 = Release|Any CPU
		{A16CF948-A91D-4F61-B52A-8700BDA2DD7E}.Debug|Any CPU.ActiveCfg = Debug|Any CPU
		{A16CF948-A91D-4F61-B52A-8700BDA2DD7E}.Debug|Any CPU.Build.0 = Debug|Any CPU
		{A16CF948-A91D-4F61-B52A-8700BDA2DD7E}.Release|Any CPU.ActiveCfg = Release|Any CPU
		{A16CF948-A91D-4F61-B52A-8700BDA2DD7E}.Release|Any CPU.Build.0 = Release|Any CPU
		{5DF34DA6-C417-4981-B5B5-405749AF048F}.Debug|Any CPU.ActiveCfg = Debug|Any CPU
		{5DF34DA6-C417-4981-B5B5-405749AF048F}.Debug|Any CPU.Build.0 = Debug|Any CPU
		{5DF34DA6-C417-4981-B5B5-405749AF048F}.Release|Any CPU.ActiveCfg = Release|Any CPU
		{5DF34DA6-C417-4981-B5B5-405749AF048F}.Release|Any CPU.Build.0 = Release|Any CPU
		{4A317E28-A493-4408-BB7C-E2FB93859F8B}.Debug|Any CPU.ActiveCfg = Debug|Any CPU
		{4A317E28-A493-4408-BB7C-E2FB93859F8B}.Debug|Any CPU.Build.0 = Debug|Any CPU
		{4A317E28-A493-4408-BB7C-E2FB93859F8B}.Release|Any CPU.ActiveCfg = Release|Any CPU
		{4A317E28-A493-4408-BB7C-E2FB93859F8B}.Release|Any CPU.Build.0 = Release|Any CPU
		{84F0D2EB-457D-41A1-BCA9-8178D5323847}.Debug|Any CPU.ActiveCfg = Debug|Any CPU
		{84F0D2EB-457D-41A1-BCA9-8178D5323847}.Debug|Any CPU.Build.0 = Debug|Any CPU
		{84F0D2EB-457D-41A1-BCA9-8178D5323847}.Release|Any CPU.ActiveCfg = Release|Any CPU
		{84F0D2EB-457D-41A1-BCA9-8178D5323847}.Release|Any CPU.Build.0 = Release|Any CPU
		{6852D988-72D8-46B4-B655-30D431537F26}.Debug|Any CPU.ActiveCfg = Debug|Any CPU
		{6852D988-72D8-46B4-B655-30D431537F26}.Debug|Any CPU.Build.0 = Debug|Any CPU
		{6852D988-72D8-46B4-B655-30D431537F26}.Release|Any CPU.ActiveCfg = Release|Any CPU
		{6852D988-72D8-46B4-B655-30D431537F26}.Release|Any CPU.Build.0 = Release|Any CPU
		{67BFDD7D-CB70-4E28-BF27-838D536A9C0F}.Debug|Any CPU.ActiveCfg = Debug|Any CPU
		{67BFDD7D-CB70-4E28-BF27-838D536A9C0F}.Debug|Any CPU.Build.0 = Debug|Any CPU
		{67BFDD7D-CB70-4E28-BF27-838D536A9C0F}.Release|Any CPU.ActiveCfg = Release|Any CPU
		{67BFDD7D-CB70-4E28-BF27-838D536A9C0F}.Release|Any CPU.Build.0 = Release|Any CPU
		{46A87A25-EE76-4F04-A990-CDCDD1A0E638}.Debug|Any CPU.ActiveCfg = Debug|Any CPU
		{46A87A25-EE76-4F04-A990-CDCDD1A0E638}.Debug|Any CPU.Build.0 = Debug|Any CPU
		{46A87A25-EE76-4F04-A990-CDCDD1A0E638}.Release|Any CPU.ActiveCfg = Release|Any CPU
		{46A87A25-EE76-4F04-A990-CDCDD1A0E638}.Release|Any CPU.Build.0 = Release|Any CPU
		{8E5FC93D-DF79-488A-BBEC-999CE650B8E2}.Debug|Any CPU.ActiveCfg = Debug|Any CPU
		{8E5FC93D-DF79-488A-BBEC-999CE650B8E2}.Debug|Any CPU.Build.0 = Debug|Any CPU
		{8E5FC93D-DF79-488A-BBEC-999CE650B8E2}.Release|Any CPU.ActiveCfg = Release|Any CPU
		{8E5FC93D-DF79-488A-BBEC-999CE650B8E2}.Release|Any CPU.Build.0 = Release|Any CPU
		{56DF0E93-98EC-4515-9C4D-7275E67F7511}.Debug|Any CPU.ActiveCfg = Debug|Any CPU
		{56DF0E93-98EC-4515-9C4D-7275E67F7511}.Debug|Any CPU.Build.0 = Debug|Any CPU
		{56DF0E93-98EC-4515-9C4D-7275E67F7511}.Release|Any CPU.ActiveCfg = Release|Any CPU
		{56DF0E93-98EC-4515-9C4D-7275E67F7511}.Release|Any CPU.Build.0 = Release|Any CPU
		{C3F64A86-E5C9-40BE-9224-8C82AD9C665B}.Debug|Any CPU.ActiveCfg = Debug|Any CPU
		{C3F64A86-E5C9-40BE-9224-8C82AD9C665B}.Debug|Any CPU.Build.0 = Debug|Any CPU
		{C3F64A86-E5C9-40BE-9224-8C82AD9C665B}.Release|Any CPU.ActiveCfg = Release|Any CPU
		{C3F64A86-E5C9-40BE-9224-8C82AD9C665B}.Release|Any CPU.Build.0 = Release|Any CPU
		{EAB09F48-3ABA-4D62-940D-F2F742112D9A}.Debug|Any CPU.ActiveCfg = Debug|Any CPU
		{EAB09F48-3ABA-4D62-940D-F2F742112D9A}.Debug|Any CPU.Build.0 = Debug|Any CPU
		{EAB09F48-3ABA-4D62-940D-F2F742112D9A}.Release|Any CPU.ActiveCfg = Release|Any CPU
		{EAB09F48-3ABA-4D62-940D-F2F742112D9A}.Release|Any CPU.Build.0 = Release|Any CPU
		{B4A8F47C-4524-4B48-A973-E7146E2AE04D}.Debug|Any CPU.ActiveCfg = Debug|Any CPU
		{B4A8F47C-4524-4B48-A973-E7146E2AE04D}.Debug|Any CPU.Build.0 = Debug|Any CPU
		{B4A8F47C-4524-4B48-A973-E7146E2AE04D}.Release|Any CPU.ActiveCfg = Release|Any CPU
		{B4A8F47C-4524-4B48-A973-E7146E2AE04D}.Release|Any CPU.Build.0 = Release|Any CPU
	EndGlobalSection
	GlobalSection(SolutionProperties) = preSolution
		HideSolutionNode = FALSE
	EndGlobalSection
	GlobalSection(NestedProjects) = preSolution
		{FACFC0D8-5B3F-48AF-9B1B-BEF2F82F0869} = {0EA4D420-F25B-4FFF-966F-E4934FF89271}
		{0DD6EC24-3F59-4EE0-B4F1-ADBB992D0DF3} = {0EA4D420-F25B-4FFF-966F-E4934FF89271}
		{5DF34DA6-C417-4981-B5B5-405749AF048F} = {93EE7248-E6B4-4111-9266-BAECE541DD87}
		{4A317E28-A493-4408-BB7C-E2FB93859F8B} = {ED2A7C3C-1392-4EE8-B63C-3664D19C90D6}
		{84F0D2EB-457D-41A1-BCA9-8178D5323847} = {0EA4D420-F25B-4FFF-966F-E4934FF89271}
		{6852D988-72D8-46B4-B655-30D431537F26} = {FD728E52-3EDF-41B7-95B7-C2F09C01BE9F}
		{67BFDD7D-CB70-4E28-BF27-838D536A9C0F} = {6759D274-808D-4C78-AB59-94B23A4D4CDC}
		{46A87A25-EE76-4F04-A990-CDCDD1A0E638} = {C5C8A067-D350-47F2-AC26-DA51964C56BF}
		{8E5FC93D-DF79-488A-BBEC-999CE650B8E2} = {93EE7248-E6B4-4111-9266-BAECE541DD87}
		{56DF0E93-98EC-4515-9C4D-7275E67F7511} = {0EA4D420-F25B-4FFF-966F-E4934FF89271}
		{C3F64A86-E5C9-40BE-9224-8C82AD9C665B} = {0EA4D420-F25B-4FFF-966F-E4934FF89271}
		{EAB09F48-3ABA-4D62-940D-F2F742112D9A} = {ED2A7C3C-1392-4EE8-B63C-3664D19C90D6}
		{B4A8F47C-4524-4B48-A973-E7146E2AE04D} = {0EA4D420-F25B-4FFF-966F-E4934FF89271}
	EndGlobalSection
	GlobalSection(ExtensibilityGlobals) = postSolution
	EndGlobalSection
EndGlobal
